
Microsoft Visual Studio Solution File, Format Version 12.00
# Visual Studio Version 17
VisualStudioVersion = 17.3.32929.385
MinimumVisualStudioVersion = 10.0.40219.1
Project("{FAE04EC0-301F-11D3-BF4B-00C04F79EFBC}") = "DSA_Algorithms", "DSA_Algorithms\DSA_Algorithms.csproj", "{741C65A0-4702-4C38-A4D6-17F629D8D409}"
EndProject
Global
	GlobalSection(SolutionConfigurationPlatforms) = preSolution
		Debug|Any CPU = Debug|Any CPU
		Release|Any CPU = Release|Any CPU
	EndGlobalSection
	GlobalSection(ProjectConfigurationPlatforms) = postSolution
		{741C65A0-4702-4C38-A4D6-17F629D8D409}.Debug|Any CPU.ActiveCfg = Debug|Any CPU
		{741C65A0-4702-4C38-A4D6-17F629D8D409}.Debug|Any CPU.Build.0 = Debug|Any CPU
		{741C65A0-4702-4C38-A4D6-17F629D8D409}.Release|Any CPU.ActiveCfg = Release|Any CPU
		{741C65A0-4702-4C38-A4D6-17F629D8D409}.Release|Any CPU.Build.0 = Release|Any CPU
	EndGlobalSection
	GlobalSection(SolutionProperties) = preSolution
		HideSolutionNode = FALSE
	EndGlobalSection
	GlobalSection(ExtensibilityGlobals) = postSolution
		SolutionGuid = {43C33AC2-A5AC-46A5-8375-8C14E7FE8C03}
	EndGlobalSection
EndGlobal
